Microsoft Visual Studio Solution File, Format Version 12.00
# Visual Studio Version 17
VisualStudioVersion = 17.5.2.0
MinimumVisualStudioVersion = 10.0.40219.1
Project("{FAE04EC0-301F-11D3-BF4B-00C04F79EFBC}") = "DocTient", "DocTient.csproj", "{55DCE87C-88FD-BEB7-F800-192C1AD1E09C}"
EndProject
Global
	GlobalSection(SolutionConfigurationPlatforms) = preSolution
		Debug|Any CPU = Debug|Any CPU
		Release|Any CPU = Release|Any CPU
	EndGlobalSection
	GlobalSection(ProjectConfigurationPlatforms) = postSolution
		{55DCE87C-88FD-BEB7-F800-192C1AD1E09C}.Debug|Any CPU.ActiveCfg = Debug|Any CPU
		{55DCE87C-88FD-BEB7-F800-192C1AD1E09C}.Debug|Any CPU.Build.0 = Debug|Any CPU
		{55DCE87C-88FD-BEB7-F800-192C1AD1E09C}.Release|Any CPU.ActiveCfg = Release|Any CPU
		{55DCE87C-88FD-BEB7-F800-192C1AD1E09C}.Release|Any CPU.Build.0 = Release|Any CPU
	EndGlobalSection
	GlobalSection(SolutionProperties) = preSolution
		HideSolutionNode = FALSE
	EndGlobalSection
	GlobalSection(ExtensibilityGlobals) = postSolution
		SolutionGuid = {5368A7E7-A7C0-471D-8EAE-804F8EBD7558}
	EndGlobalSection
EndGlobal
